
Microsoft Visual Studio Solution File, Format Version 12.00
# Visual Studio Version 17
VisualStudioVersion = 17.6.33723.286
MinimumVisualStudioVersion = 10.0.40219.1
Project("{FAE04EC0-301F-11D3-BF4B-00C04F79EFBC}") = "ASP.NET-IdentityCustom", "ASP.NET-IdentityCustom\ASP.NET-IdentityCustom.csproj", "{8C1E6D8C-0B59-4EF6-B296-693A991A173E}"
EndProject
Global
	GlobalSection(SolutionConfigurationPlatforms) = preSolution
		Debug|Any CPU = Debug|Any CPU
		Release|Any CPU = Release|Any CPU
	EndGlobalSection
	GlobalSection(ProjectConfigurationPlatforms) = postSolution
		{8C1E6D8C-0B59-4EF6-B296-693A991A173E}.Debug|Any CPU.ActiveCfg = Debug|Any CPU
		{8C1E6D8C-0B59-4EF6-B296-693A991A173E}.Debug|Any CPU.Build.0 = Debug|Any CPU
		{8C1E6D8C-0B59-4EF6-B296-693A991A173E}.Release|Any CPU.ActiveCfg = Release|Any CPU
		{8C1E6D8C-0B59-4EF6-B296-693A991A173E}.Release|Any CPU.Build.0 = Release|Any CPU
	EndGlobalSection
	GlobalSection(SolutionProperties) = preSolution
		HideSolutionNode = FALSE
	EndGlobalSection
	GlobalSection(ExtensibilityGlobals) = postSolution
		SolutionGuid = {79339CFF-05AE-4F4C-AFEA-0C2E5003B1E0}
	EndGlobalSection
EndGlobal
